
Microsoft Visual Studio Solution File, Format Version 12.00
# Visual Studio Version 17
VisualStudioVersion = 17.11.35303.130
MinimumVisualStudioVersion = 10.0.40219.1
Project("{2150E333-8FDC-42A3-9474-1A3956D46DE8}") = "Data", "Data", "{4E5ECF92-F852-4D67-BBCB-1E02AD52FF87}"
	ProjectSection(SolutionItems) = preProject
		src\data\Directory.Build.props = src\data\Directory.Build.props
	EndProjectSection
EndProject
Project("{9A19103F-16F7-4668-BE54-9A1E7A4F7556}") = "Core", "src\data\Core\Core.csproj", "{9B0D79F2-13A3-4404-9EF2-457DF01124D4}"
EndProject
Project("{9A19103F-16F7-4668-BE54-9A1E7A4F7556}") = "GenUtils", "build\GenUtils\GenUtils.csproj", "{11646455-2273-453C-8B03-EE91FD4AD430}"
EndProject
Project("{2150E333-8FDC-42A3-9474-1A3956D46DE8}") = "Build", "Build", "{E25AA2FC-8C84-4BD1-838D-83B4441B1516}"
	ProjectSection(SolutionItems) = preProject
		build\Directory.Build.props = build\Directory.Build.props
	EndProjectSection
EndProject
Project("{9A19103F-16F7-4668-BE54-9A1E7A4F7556}") = "Core.Tests", "test\data\Core.Tests\Core.Tests.csproj", "{FA0961C3-3995-4CD2-9874-3384A070CC92}"
EndProject
Project("{2150E333-8FDC-42A3-9474-1A3956D46DE8}") = "Apps", "Apps", "{65DB7F61-AAEA-410E-8B63-B726FF627FC8}"
EndProject
Project("{9A19103F-16F7-4668-BE54-9A1E7A4F7556}") = "ConsoleApp", "src\apps\ConsoleApp\ConsoleApp.csproj", "{42E5C514-ACB3-40AE-8DD2-1617BB568480}"
EndProject
Project("{9A19103F-16F7-4668-BE54-9A1E7A4F7556}") = "TestUtils", "test\TestUtils\TestUtils.csproj", "{628FF1DA-8248-4F0A-B65A-20EA45096029}"
EndProject
Project("{9A19103F-16F7-4668-BE54-9A1E7A4F7556}") = "ConsoleApp.Tests", "test\apps\ConsoleApp.Tests\ConsoleApp.Tests.csproj", "{069077BC-9BDA-4DDF-8AF9-4778EBFD8B70}"
EndProject
Project("{2150E333-8FDC-42A3-9474-1A3956D46DE8}") = "Packaging", "Packaging", "{065A1989-1C23-4C05-ADED-A2A8286DD332}"
EndProject
Project("{C7167F0D-BC9F-4E6E-AFE1-012C56B48DB5}") = "ConsoleApp.Package", "packaging\ConsoleApp.Package\ConsoleApp.Package.wapproj", "{33207E5C-E29D-405B-BB68-EF7E353FD3DF}"
EndProject
Project("{7CF6DF6D-3B04-46F8-A40B-537D21BCA0B4}") = "Sandcastle", "docs\Sandcastle\Sandcastle.shfbproj", "{5ABECE33-0692-4369-B4E9-499D80A7C619}"
EndProject
Project("{2150E333-8FDC-42A3-9474-1A3956D46DE8}") = "Plugins", "Plugins", "{A4A5603D-BE52-418B-AB98-22E5470269CA}"
EndProject
Project("{2150E333-8FDC-42A3-9474-1A3956D46DE8}") = "AO3", "AO3", "{F47AD180-9541-4EB1-9563-E6087A553592}"
EndProject
Project("{FAE04EC0-301F-11D3-BF4B-00C04F79EFBC}") = "Ao3", "src\plugins\Ao3\Ao3.csproj", "{68AFAB99-2FF3-4CCD-B642-80BA47F79A52}"
EndProject
Project("{FAE04EC0-301F-11D3-BF4B-00C04F79EFBC}") = "Ao3.Tests", "test\plugins\Ao3.Tests\Ao3.Tests.csproj", "{363559D3-1360-4A28-9921-A05A303E6A96}"
EndProject
Project("{FAE04EC0-301F-11D3-BF4B-00C04F79EFBC}") = "PluginRuntimeLib", "src\plugins\PluginRuntimeLib\PluginRuntimeLib.csproj", "{E36D0AAB-8408-4BFB-B266-A737DB715A33}"
EndProject
Global
	GlobalSection(SolutionConfigurationPlatforms) = preSolution
		Debug|Any CPU = Debug|Any CPU
		Debug|ARM = Debug|ARM
		Debug|ARM64 = Debug|ARM64
		Debug|x64 = Debug|x64
		Debug|x86 = Debug|x86
		Release|Any CPU = Release|Any CPU
		Release|ARM = Release|ARM
		Release|ARM64 = Release|ARM64
		Release|x64 = Release|x64
		Release|x86 = Release|x86
	EndGlobalSection
	GlobalSection(ProjectConfigurationPlatforms) = postSolution
		{9B0D79F2-13A3-4404-9EF2-457DF01124D4}.Debug|Any CPU.ActiveCfg = Debug|Any CPU
		{9B0D79F2-13A3-4404-9EF2-457DF01124D4}.Debug|Any CPU.Build.0 = Debug|Any CPU
		{9B0D79F2-13A3-4404-9EF2-457DF01124D4}.Debug|ARM.ActiveCfg = Debug|Any CPU
		{9B0D79F2-13A3-4404-9EF2-457DF01124D4}.Debug|ARM.Build.0 = Debug|Any CPU
		{9B0D79F2-13A3-4404-9EF2-457DF01124D4}.Debug|ARM64.ActiveCfg = Debug|Any CPU
		{9B0D79F2-13A3-4404-9EF2-457DF01124D4}.Debug|ARM64.Build.0 = Debug|Any CPU
		{9B0D79F2-13A3-4404-9EF2-457DF01124D4}.Debug|x64.ActiveCfg = Debug|Any CPU
		{9B0D79F2-13A3-4404-9EF2-457DF01124D4}.Debug|x64.Build.0 = Debug|Any CPU
		{9B0D79F2-13A3-4404-9EF2-457DF01124D4}.Debug|x86.ActiveCfg = Debug|Any CPU
		{9B0D79F2-13A3-4404-9EF2-457DF01124D4}.Debug|x86.Build.0 = Debug|Any CPU
		{9B0D79F2-13A3-4404-9EF2-457DF01124D4}.Release|Any CPU.ActiveCfg = Release|Any CPU
		{9B0D79F2-13A3-4404-9EF2-457DF01124D4}.Release|Any CPU.Build.0 = Release|Any CPU
		{9B0D79F2-13A3-4404-9EF2-457DF01124D4}.Release|ARM.ActiveCfg = Release|Any CPU
		{9B0D79F2-13A3-4404-9EF2-457DF01124D4}.Release|ARM.Build.0 = Release|Any CPU
		{9B0D79F2-13A3-4404-9EF2-457DF01124D4}.Release|ARM64.ActiveCfg = Release|Any CPU
		{9B0D79F2-13A3-4404-9EF2-457DF01124D4}.Release|ARM64.Build.0 = Release|Any CPU
		{9B0D79F2-13A3-4404-9EF2-457DF01124D4}.Release|x64.ActiveCfg = Release|Any CPU
		{9B0D79F2-13A3-4404-9EF2-457DF01124D4}.Release|x64.Build.0 = Release|Any CPU
		{9B0D79F2-13A3-4404-9EF2-457DF01124D4}.Release|x86.ActiveCfg = Release|Any CPU
		{9B0D79F2-13A3-4404-9EF2-457DF01124D4}.Release|x86.Build.0 = Release|Any CPU
		{11646455-2273-453C-8B03-EE91FD4AD430}.Debug|Any CPU.ActiveCfg = Debug|Any CPU
		{11646455-2273-453C-8B03-EE91FD4AD430}.Debug|Any CPU.Build.0 = Debug|Any CPU
		{11646455-2273-453C-8B03-EE91FD4AD430}.Debug|ARM.ActiveCfg = Debug|Any CPU
		{11646455-2273-453C-8B03-EE91FD4AD430}.Debug|ARM.Build.0 = Debug|Any CPU
		{11646455-2273-453C-8B03-EE91FD4AD430}.Debug|ARM64.ActiveCfg = Debug|Any CPU
		{11646455-2273-453C-8B03-EE91FD4AD430}.Debug|ARM64.Build.0 = Debug|Any CPU
		{11646455-2273-453C-8B03-EE91FD4AD430}.Debug|x64.ActiveCfg = Debug|Any CPU
		{11646455-2273-453C-8B03-EE91FD4AD430}.Debug|x64.Build.0 = Debug|Any CPU
		{11646455-2273-453C-8B03-EE91FD4AD430}.Debug|x86.ActiveCfg = Debug|Any CPU
		{11646455-2273-453C-8B03-EE91FD4AD430}.Debug|x86.Build.0 = Debug|Any CPU
		{11646455-2273-453C-8B03-EE91FD4AD430}.Release|Any CPU.ActiveCfg = Release|Any CPU
		{11646455-2273-453C-8B03-EE91FD4AD430}.Release|Any CPU.Build.0 = Release|Any CPU
		{11646455-2273-453C-8B03-EE91FD4AD430}.Release|ARM.ActiveCfg = Release|Any CPU
		{11646455-2273-453C-8B03-EE91FD4AD430}.Release|ARM.Build.0 = Release|Any CPU
		{11646455-2273-453C-8B03-EE91FD4AD430}.Release|ARM64.ActiveCfg = Release|Any CPU
		{11646455-2273-453C-8B03-EE91FD4AD430}.Release|ARM64.Build.0 = Release|Any CPU
		{11646455-2273-453C-8B03-EE91FD4AD430}.Release|x64.ActiveCfg = Release|Any CPU
		{11646455-2273-453C-8B03-EE91FD4AD430}.Release|x64.Build.0 = Release|Any CPU
		{11646455-2273-453C-8B03-EE91FD4AD430}.Release|x86.ActiveCfg = Release|Any CPU
		{11646455-2273-453C-8B03-EE91FD4AD430}.Release|x86.Build.0 = Release|Any CPU
		{FA0961C3-3995-4CD2-9874-3384A070CC92}.Debug|Any CPU.ActiveCfg = Debug|Any CPU
		{FA0961C3-3995-4CD2-9874-3384A070CC92}.Debug|Any CPU.Build.0 = Debug|Any CPU
		{FA0961C3-3995-4CD2-9874-3384A070CC92}.Debug|ARM.ActiveCfg = Debug|Any CPU
		{FA0961C3-3995-4CD2-9874-3384A070CC92}.Debug|ARM.Build.0 = Debug|Any CPU
		{FA0961C3-3995-4CD2-9874-3384A070CC92}.Debug|ARM64.ActiveCfg = Debug|Any CPU
		{FA0961C3-3995-4CD2-9874-3384A070CC92}.Debug|ARM64.Build.0 = Debug|Any CPU
		{FA0961C3-3995-4CD2-9874-3384A070CC92}.Debug|x64.ActiveCfg = Debug|Any CPU
		{FA0961C3-3995-4CD2-9874-3384A070CC92}.Debug|x64.Build.0 = Debug|Any CPU
		{FA0961C3-3995-4CD2-9874-3384A070CC92}.Debug|x86.ActiveCfg = Debug|Any CPU
		{FA0961C3-3995-4CD2-9874-3384A070CC92}.Debug|x86.Build.0 = Debug|Any CPU
		{FA0961C3-3995-4CD2-9874-3384A070CC92}.Release|Any CPU.ActiveCfg = Release|Any CPU
		{FA0961C3-3995-4CD2-9874-3384A070CC92}.Release|Any CPU.Build.0 = Release|Any CPU
		{FA0961C3-3995-4CD2-9874-3384A070CC92}.Release|ARM.ActiveCfg = Release|Any CPU
		{FA0961C3-3995-4CD2-9874-3384A070CC92}.Release|ARM.Build.0 = Release|Any CPU
		{FA0961C3-3995-4CD2-9874-3384A070CC92}.Release|ARM64.ActiveCfg = Release|Any CPU
		{FA0961C3-3995-4CD2-9874-3384A070CC92}.Release|ARM64.Build.0 = Release|Any CPU
		{FA0961C3-3995-4CD2-9874-3384A070CC92}.Release|x64.ActiveCfg = Release|Any CPU
		{FA0961C3-3995-4CD2-9874-3384A070CC92}.Release|x64.Build.0 = Release|Any CPU
		{FA0961C3-3995-4CD2-9874-3384A070CC92}.Release|x86.ActiveCfg = Release|Any CPU
		{FA0961C3-3995-4CD2-9874-3384A070CC92}.Release|x86.Build.0 = Release|Any CPU
		{42E5C514-ACB3-40AE-8DD2-1617BB568480}.Debug|Any CPU.ActiveCfg = Debug|Any CPU
		{42E5C514-ACB3-40AE-8DD2-1617BB568480}.Debug|Any CPU.Build.0 = Debug|Any CPU
		{42E5C514-ACB3-40AE-8DD2-1617BB568480}.Debug|ARM.ActiveCfg = Debug|Any CPU
		{42E5C514-ACB3-40AE-8DD2-1617BB568480}.Debug|ARM.Build.0 = Debug|Any CPU
		{42E5C514-ACB3-40AE-8DD2-1617BB568480}.Debug|ARM64.ActiveCfg = Debug|Any CPU
		{42E5C514-ACB3-40AE-8DD2-1617BB568480}.Debug|ARM64.Build.0 = Debug|Any CPU
		{42E5C514-ACB3-40AE-8DD2-1617BB568480}.Debug|x64.ActiveCfg = Debug|Any CPU
		{42E5C514-ACB3-40AE-8DD2-1617BB568480}.Debug|x64.Build.0 = Debug|Any CPU
		{42E5C514-ACB3-40AE-8DD2-1617BB568480}.Debug|x86.ActiveCfg = Debug|Any CPU
		{42E5C514-ACB3-40AE-8DD2-1617BB568480}.Debug|x86.Build.0 = Debug|Any CPU
		{42E5C514-ACB3-40AE-8DD2-1617BB568480}.Release|Any CPU.ActiveCfg = Release|Any CPU
		{42E5C514-ACB3-40AE-8DD2-1617BB568480}.Release|Any CPU.Build.0 = Release|Any CPU
		{42E5C514-ACB3-40AE-8DD2-1617BB568480}.Release|ARM.ActiveCfg = Release|Any CPU
		{42E5C514-ACB3-40AE-8DD2-1617BB568480}.Release|ARM.Build.0 = Release|Any CPU
		{42E5C514-ACB3-40AE-8DD2-1617BB568480}.Release|ARM64.ActiveCfg = Release|Any CPU
		{42E5C514-ACB3-40AE-8DD2-1617BB568480}.Release|ARM64.Build.0 = Release|Any CPU
		{42E5C514-ACB3-40AE-8DD2-1617BB568480}.Release|x64.ActiveCfg = Release|Any CPU
		{42E5C514-ACB3-40AE-8DD2-1617BB568480}.Release|x64.Build.0 = Release|Any CPU
		{42E5C514-ACB3-40AE-8DD2-1617BB568480}.Release|x86.ActiveCfg = Release|Any CPU
		{42E5C514-ACB3-40AE-8DD2-1617BB568480}.Release|x86.Build.0 = Release|Any CPU
		{628FF1DA-8248-4F0A-B65A-20EA45096029}.Debug|Any CPU.ActiveCfg = Debug|Any CPU
		{628FF1DA-8248-4F0A-B65A-20EA45096029}.Debug|Any CPU.Build.0 = Debug|Any CPU
		{628FF1DA-8248-4F0A-B65A-20EA45096029}.Debug|ARM.ActiveCfg = Debug|Any CPU
		{628FF1DA-8248-4F0A-B65A-20EA45096029}.Debug|ARM.Build.0 = Debug|Any CPU
		{628FF1DA-8248-4F0A-B65A-20EA45096029}.Debug|ARM64.ActiveCfg = Debug|Any CPU
		{628FF1DA-8248-4F0A-B65A-20EA45096029}.Debug|ARM64.Build.0 = Debug|Any CPU
		{628FF1DA-8248-4F0A-B65A-20EA45096029}.Debug|x64.ActiveCfg = Debug|Any CPU
		{628FF1DA-8248-4F0A-B65A-20EA45096029}.Debug|x64.Build.0 = Debug|Any CPU
		{628FF1DA-8248-4F0A-B65A-20EA45096029}.Debug|x86.ActiveCfg = Debug|Any CPU
		{628FF1DA-8248-4F0A-B65A-20EA45096029}.Debug|x86.Build.0 = Debug|Any CPU
		{628FF1DA-8248-4F0A-B65A-20EA45096029}.Release|Any CPU.ActiveCfg = Release|Any CPU
		{628FF1DA-8248-4F0A-B65A-20EA45096029}.Release|Any CPU.Build.0 = Release|Any CPU
		{628FF1DA-8248-4F0A-B65A-20EA45096029}.Release|ARM.ActiveCfg = Release|Any CPU
		{628FF1DA-8248-4F0A-B65A-20EA45096029}.Release|ARM.Build.0 = Release|Any CPU
		{628FF1DA-8248-4F0A-B65A-20EA45096029}.Release|ARM64.ActiveCfg = Release|Any CPU
		{628FF1DA-8248-4F0A-B65A-20EA45096029}.Release|ARM64.Build.0 = Release|Any CPU
		{628FF1DA-8248-4F0A-B65A-20EA45096029}.Release|x64.ActiveCfg = Release|Any CPU
		{628FF1DA-8248-4F0A-B65A-20EA45096029}.Release|x64.Build.0 = Release|Any CPU
		{628FF1DA-8248-4F0A-B65A-20EA45096029}.Release|x86.ActiveCfg = Release|Any CPU
		{628FF1DA-8248-4F0A-B65A-20EA45096029}.Release|x86.Build.0 = Release|Any CPU
		{069077BC-9BDA-4DDF-8AF9-4778EBFD8B70}.Debug|Any CPU.ActiveCfg = Debug|Any CPU
		{069077BC-9BDA-4DDF-8AF9-4778EBFD8B70}.Debug|Any CPU.Build.0 = Debug|Any CPU
		{069077BC-9BDA-4DDF-8AF9-4778EBFD8B70}.Debug|ARM.ActiveCfg = Debug|Any CPU
		{069077BC-9BDA-4DDF-8AF9-4778EBFD8B70}.Debug|ARM.Build.0 = Debug|Any CPU
		{069077BC-9BDA-4DDF-8AF9-4778EBFD8B70}.Debug|ARM64.ActiveCfg = Debug|Any CPU
		{069077BC-9BDA-4DDF-8AF9-4778EBFD8B70}.Debug|ARM64.Build.0 = Debug|Any CPU
		{069077BC-9BDA-4DDF-8AF9-4778EBFD8B70}.Debug|x64.ActiveCfg = Debug|Any CPU
		{069077BC-9BDA-4DDF-8AF9-4778EBFD8B70}.Debug|x64.Build.0 = Debug|Any CPU
		{069077BC-9BDA-4DDF-8AF9-4778EBFD8B70}.Debug|x86.ActiveCfg = Debug|Any CPU
		{069077BC-9BDA-4DDF-8AF9-4778EBFD8B70}.Debug|x86.Build.0 = Debug|Any CPU
		{069077BC-9BDA-4DDF-8AF9-4778EBFD8B70}.Release|Any CPU.ActiveCfg = Release|Any CPU
		{069077BC-9BDA-4DDF-8AF9-4778EBFD8B70}.Release|Any CPU.Build.0 = Release|Any CPU
		{069077BC-9BDA-4DDF-8AF9-4778EBFD8B70}.Release|ARM.ActiveCfg = Release|Any CPU
		{069077BC-9BDA-4DDF-8AF9-4778EBFD8B70}.Release|ARM.Build.0 = Release|Any CPU
		{069077BC-9BDA-4DDF-8AF9-4778EBFD8B70}.Release|ARM64.ActiveCfg = Release|Any CPU
		{069077BC-9BDA-4DDF-8AF9-4778EBFD8B70}.Release|ARM64.Build.0 = Release|Any CPU
		{069077BC-9BDA-4DDF-8AF9-4778EBFD8B70}.Release|x64.ActiveCfg = Release|Any CPU
		{069077BC-9BDA-4DDF-8AF9-4778EBFD8B70}.Release|x64.Build.0 = Release|Any CPU
		{069077BC-9BDA-4DDF-8AF9-4778EBFD8B70}.Release|x86.ActiveCfg = Release|Any CPU
		{069077BC-9BDA-4DDF-8AF9-4778EBFD8B70}.Release|x86.Build.0 = Release|Any CPU
		{33207E5C-E29D-405B-BB68-EF7E353FD3DF}.Debug|Any CPU.ActiveCfg = Debug|Any CPU
		{33207E5C-E29D-405B-BB68-EF7E353FD3DF}.Debug|Any CPU.Build.0 = Debug|Any CPU
		{33207E5C-E29D-405B-BB68-EF7E353FD3DF}.Debug|Any CPU.Deploy.0 = Debug|Any CPU
		{33207E5C-E29D-405B-BB68-EF7E353FD3DF}.Debug|ARM.ActiveCfg = Debug|ARM
		{33207E5C-E29D-405B-BB68-EF7E353FD3DF}.Debug|ARM.Build.0 = Debug|ARM
		{33207E5C-E29D-405B-BB68-EF7E353FD3DF}.Debug|ARM.Deploy.0 = Debug|ARM
		{33207E5C-E29D-405B-BB68-EF7E353FD3DF}.Debug|ARM64.ActiveCfg = Debug|ARM64
		{33207E5C-E29D-405B-BB68-EF7E353FD3DF}.Debug|ARM64.Build.0 = Debug|ARM64
		{33207E5C-E29D-405B-BB68-EF7E353FD3DF}.Debug|ARM64.Deploy.0 = Debug|ARM64
		{33207E5C-E29D-405B-BB68-EF7E353FD3DF}.Debug|x64.ActiveCfg = Debug|x64
		{33207E5C-E29D-405B-BB68-EF7E353FD3DF}.Debug|x64.Build.0 = Debug|x64
		{33207E5C-E29D-405B-BB68-EF7E353FD3DF}.Debug|x64.Deploy.0 = Debug|x64
		{33207E5C-E29D-405B-BB68-EF7E353FD3DF}.Debug|x86.ActiveCfg = Debug|x86
		{33207E5C-E29D-405B-BB68-EF7E353FD3DF}.Debug|x86.Build.0 = Debug|x86
		{33207E5C-E29D-405B-BB68-EF7E353FD3DF}.Debug|x86.Deploy.0 = Debug|x86
		{33207E5C-E29D-405B-BB68-EF7E353FD3DF}.Release|Any CPU.ActiveCfg = Release|Any CPU
		{33207E5C-E29D-405B-BB68-EF7E353FD3DF}.Release|Any CPU.Build.0 = Release|Any CPU
		{33207E5C-E29D-405B-BB68-EF7E353FD3DF}.Release|Any CPU.Deploy.0 = Release|Any CPU
		{33207E5C-E29D-405B-BB68-EF7E353FD3DF}.Release|ARM.ActiveCfg = Release|ARM
		{33207E5C-E29D-405B-BB68-EF7E353FD3DF}.Release|ARM.Build.0 = Release|ARM
		{33207E5C-E29D-405B-BB68-EF7E353FD3DF}.Release|ARM.Deploy.0 = Release|ARM
		{33207E5C-E29D-405B-BB68-EF7E353FD3DF}.Release|ARM64.ActiveCfg = Release|ARM64
		{33207E5C-E29D-405B-BB68-EF7E353FD3DF}.Release|ARM64.Build.0 = Release|ARM64
		{33207E5C-E29D-405B-BB68-EF7E353FD3DF}.Release|ARM64.Deploy.0 = Release|ARM64
		{33207E5C-E29D-405B-BB68-EF7E353FD3DF}.Release|x64.ActiveCfg = Release|x64
		{33207E5C-E29D-405B-BB68-EF7E353FD3DF}.Release|x64.Build.0 = Release|x64
		{33207E5C-E29D-405B-BB68-EF7E353FD3DF}.Release|x64.Deploy.0 = Release|x64
		{33207E5C-E29D-405B-BB68-EF7E353FD3DF}.Release|x86.ActiveCfg = Release|x86
		{33207E5C-E29D-405B-BB68-EF7E353FD3DF}.Release|x86.Build.0 = Release|x86
		{33207E5C-E29D-405B-BB68-EF7E353FD3DF}.Release|x86.Deploy.0 = Release|x86
		{5ABECE33-0692-4369-B4E9-499D80A7C619}.Debug|Any CPU.ActiveCfg = Debug|Any CPU
		{5ABECE33-0692-4369-B4E9-499D80A7C619}.Debug|Any CPU.Build.0 = Debug|Any CPU
		{5ABECE33-0692-4369-B4E9-499D80A7C619}.Debug|ARM.ActiveCfg = Debug|Any CPU
		{5ABECE33-0692-4369-B4E9-499D80A7C619}.Debug|ARM.Build.0 = Debug|Any CPU
		{5ABECE33-0692-4369-B4E9-499D80A7C619}.Debug|ARM64.ActiveCfg = Debug|Any CPU
		{5ABECE33-0692-4369-B4E9-499D80A7C619}.Debug|ARM64.Build.0 = Debug|Any CPU
		{5ABECE33-0692-4369-B4E9-499D80A7C619}.Debug|x64.ActiveCfg = Debug|Any CPU
		{5ABECE33-0692-4369-B4E9-499D80A7C619}.Debug|x64.Build.0 = Debug|Any CPU
		{5ABECE33-0692-4369-B4E9-499D80A7C619}.Debug|x86.ActiveCfg = Debug|Any CPU
		{5ABECE33-0692-4369-B4E9-499D80A7C619}.Debug|x86.Build.0 = Debug|Any CPU
		{5ABECE33-0692-4369-B4E9-499D80A7C619}.Release|Any CPU.ActiveCfg = Release|Any CPU
		{5ABECE33-0692-4369-B4E9-499D80A7C619}.Release|Any CPU.Build.0 = Release|Any CPU
		{5ABECE33-0692-4369-B4E9-499D80A7C619}.Release|ARM.ActiveCfg = Release|Any CPU
		{5ABECE33-0692-4369-B4E9-499D80A7C619}.Release|ARM.Build.0 = Release|Any CPU
		{5ABECE33-0692-4369-B4E9-499D80A7C619}.Release|ARM64.ActiveCfg = Release|Any CPU
		{5ABECE33-0692-4369-B4E9-499D80A7C619}.Release|ARM64.Build.0 = Release|Any CPU
		{5ABECE33-0692-4369-B4E9-499D80A7C619}.Release|x64.ActiveCfg = Release|Any CPU
		{5ABECE33-0692-4369-B4E9-499D80A7C619}.Release|x64.Build.0 = Release|Any CPU
		{5ABECE33-0692-4369-B4E9-499D80A7C619}.Release|x86.ActiveCfg = Release|Any CPU
		{5ABECE33-0692-4369-B4E9-499D80A7C619}.Release|x86.Build.0 = Release|Any CPU
		{68AFAB99-2FF3-4CCD-B642-80BA47F79A52}.Debug|Any CPU.ActiveCfg = Debug|Any CPU
		{68AFAB99-2FF3-4CCD-B642-80BA47F79A52}.Debug|Any CPU.Build.0 = Debug|Any CPU
		{68AFAB99-2FF3-4CCD-B642-80BA47F79A52}.Debug|ARM.ActiveCfg = Debug|Any CPU
		{68AFAB99-2FF3-4CCD-B642-80BA47F79A52}.Debug|ARM.Build.0 = Debug|Any CPU
		{68AFAB99-2FF3-4CCD-B642-80BA47F79A52}.Debug|ARM64.ActiveCfg = Debug|Any CPU
		{68AFAB99-2FF3-4CCD-B642-80BA47F79A52}.Debug|ARM64.Build.0 = Debug|Any CPU
		{68AFAB99-2FF3-4CCD-B642-80BA47F79A52}.Debug|x64.ActiveCfg = Debug|Any CPU
		{68AFAB99-2FF3-4CCD-B642-80BA47F79A52}.Debug|x64.Build.0 = Debug|Any CPU
		{68AFAB99-2FF3-4CCD-B642-80BA47F79A52}.Debug|x86.ActiveCfg = Debug|Any CPU
		{68AFAB99-2FF3-4CCD-B642-80BA47F79A52}.Debug|x86.Build.0 = Debug|Any CPU
		{68AFAB99-2FF3-4CCD-B642-80BA47F79A52}.Release|Any CPU.ActiveCfg = Release|Any CPU
		{68AFAB99-2FF3-4CCD-B642-80BA47F79A52}.Release|Any CPU.Build.0 = Release|Any CPU
		{68AFAB99-2FF3-4CCD-B642-80BA47F79A52}.Release|ARM.ActiveCfg = Release|Any CPU
		{68AFAB99-2FF3-4CCD-B642-80BA47F79A52}.Release|ARM.Build.0 = Release|Any CPU
		{68AFAB99-2FF3-4CCD-B642-80BA47F79A52}.Release|ARM64.ActiveCfg = Release|Any CPU
		{68AFAB99-2FF3-4CCD-B642-80BA47F79A52}.Release|ARM64.Build.0 = Release|Any CPU
		{68AFAB99-2FF3-4CCD-B642-80BA47F79A52}.Release|x64.ActiveCfg = Release|Any CPU
		{68AFAB99-2FF3-4CCD-B642-80BA47F79A52}.Release|x64.Build.0 = Release|Any CPU
		{68AFAB99-2FF3-4CCD-B642-80BA47F79A52}.Release|x86.ActiveCfg = Release|Any CPU
		{68AFAB99-2FF3-4CCD-B642-80BA47F79A52}.Release|x86.Build.0 = Release|Any CPU
		{363559D3-1360-4A28-9921-A05A303E6A96}.Debug|Any CPU.ActiveCfg = Debug|Any CPU
		{363559D3-1360-4A28-9921-A05A303E6A96}.Debug|Any CPU.Build.0 = Debug|Any CPU
		{363559D3-1360-4A28-9921-A05A303E6A96}.Debug|ARM.ActiveCfg = Debug|Any CPU
		{363559D3-1360-4A28-9921-A05A303E6A96}.Debug|ARM.Build.0 = Debug|Any CPU
		{363559D3-1360-4A28-9921-A05A303E6A96}.Debug|ARM64.ActiveCfg = Debug|Any CPU
		{363559D3-1360-4A28-9921-A05A303E6A96}.Debug|ARM64.Build.0 = Debug|Any CPU
		{363559D3-1360-4A28-9921-A05A303E6A96}.Debug|x64.ActiveCfg = Debug|Any CPU
		{363559D3-1360-4A28-9921-A05A303E6A96}.Debug|x64.Build.0 = Debug|Any CPU
		{363559D3-1360-4A28-9921-A05A303E6A96}.Debug|x86.ActiveCfg = Debug|Any CPU
		{363559D3-1360-4A28-9921-A05A303E6A96}.Debug|x86.Build.0 = Debug|Any CPU
		{363559D3-1360-4A28-9921-A05A303E6A96}.Release|Any CPU.ActiveCfg = Release|Any CPU
		{363559D3-1360-4A28-9921-A05A303E6A96}.Release|Any CPU.Build.0 = Release|Any CPU
		{363559D3-1360-4A28-9921-A05A303E6A96}.Release|ARM.ActiveCfg = Release|Any CPU
		{363559D3-1360-4A28-9921-A05A303E6A96}.Release|ARM.Build.0 = Release|Any CPU
		{363559D3-1360-4A28-9921-A05A303E6A96}.Release|ARM64.ActiveCfg = Release|Any CPU
		{363559D3-1360-4A28-9921-A05A303E6A96}.Release|ARM64.Build.0 = Release|Any CPU
		{363559D3-1360-4A28-9921-A05A303E6A96}.Release|x64.ActiveCfg = Release|Any CPU
		{363559D3-1360-4A28-9921-A05A303E6A96}.Release|x64.Build.0 = Release|Any CPU
		{363559D3-1360-4A28-9921-A05A303E6A96}.Release|x86.ActiveCfg = Release|Any CPU
		{363559D3-1360-4A28-9921-A05A303E6A96}.Release|x86.Build.0 = Release|Any CPU
		{E36D0AAB-8408-4BFB-B266-A737DB715A33}.Debug|Any CPU.ActiveCfg = Debug|Any CPU
		{E36D0AAB-8408-4BFB-B266-A737DB715A33}.Debug|Any CPU.Build.0 = Debug|Any CPU
		{E36D0AAB-8408-4BFB-B266-A737DB715A33}.Debug|ARM.ActiveCfg = Debug|Any CPU
		{E36D0AAB-8408-4BFB-B266-A737DB715A33}.Debug|ARM.Build.0 = Debug|Any CPU
		{E36D0AAB-8408-4BFB-B266-A737DB715A33}.Debug|ARM64.ActiveCfg = Debug|Any CPU
		{E36D0AAB-8408-4BFB-B266-A737DB715A33}.Debug|ARM64.Build.0 = Debug|Any CPU
		{E36D0AAB-8408-4BFB-B266-A737DB715A33}.Debug|x64.ActiveCfg = Debug|Any CPU
		{E36D0AAB-8408-4BFB-B266-A737DB715A33}.Debug|x64.Build.0 = Debug|Any CPU
		{E36D0AAB-8408-4BFB-B266-A737DB715A33}.Debug|x86.ActiveCfg = Debug|Any CPU
		{E36D0AAB-8408-4BFB-B266-A737DB715A33}.Debug|x86.Build.0 = Debug|Any CPU
		{E36D0AAB-8408-4BFB-B266-A737DB715A33}.Release|Any CPU.ActiveCfg = Release|Any CPU
		{E36D0AAB-8408-4BFB-B266-A737DB715A33}.Release|Any CPU.Build.0 = Release|Any CPU
		{E36D0AAB-8408-4BFB-B266-A737DB715A33}.Release|ARM.ActiveCfg = Release|Any CPU
		{E36D0AAB-8408-4BFB-B266-A737DB715A33}.Release|ARM.Build.0 = Release|Any CPU
		{E36D0AAB-8408-4BFB-B266-A737DB715A33}.Release|ARM64.ActiveCfg = Release|Any CPU
		{E36D0AAB-8408-4BFB-B266-A737DB715A33}.Release|ARM64.Build.0 = Release|Any CPU
		{E36D0AAB-8408-4BFB-B266-A737DB715A33}.Release|x64.ActiveCfg = Release|Any CPU
		{E36D0AAB-8408-4BFB-B266-A737DB715A33}.Release|x64.Build.0 = Release|Any CPU
		{E36D0AAB-8408-4BFB-B266-A737DB715A33}.Release|x86.ActiveCfg = Release|Any CPU
		{E36D0AAB-8408-4BFB-B266-A737DB715A33}.Release|x86.Build.0 = Release|Any CPU
	EndGlobalSection
	GlobalSection(SolutionProperties) = preSolution
		HideSolutionNode = FALSE
	EndGlobalSection
	GlobalSection(NestedProjects) = preSolution
		{9B0D79F2-13A3-4404-9EF2-457DF01124D4} = {4E5ECF92-F852-4D67-BBCB-1E02AD52FF87}
		{11646455-2273-453C-8B03-EE91FD4AD430} = {E25AA2FC-8C84-4BD1-838D-83B4441B1516}
		{FA0961C3-3995-4CD2-9874-3384A070CC92} = {4E5ECF92-F852-4D67-BBCB-1E02AD52FF87}
		{42E5C514-ACB3-40AE-8DD2-1617BB568480} = {65DB7F61-AAEA-410E-8B63-B726FF627FC8}
		{628FF1DA-8248-4F0A-B65A-20EA45096029} = {E25AA2FC-8C84-4BD1-838D-83B4441B1516}
		{069077BC-9BDA-4DDF-8AF9-4778EBFD8B70} = {65DB7F61-AAEA-410E-8B63-B726FF627FC8}
		{33207E5C-E29D-405B-BB68-EF7E353FD3DF} = {065A1989-1C23-4C05-ADED-A2A8286DD332}
		{F47AD180-9541-4EB1-9563-E6087A553592} = {A4A5603D-BE52-418B-AB98-22E5470269CA}
		{68AFAB99-2FF3-4CCD-B642-80BA47F79A52} = {F47AD180-9541-4EB1-9563-E6087A553592}
		{363559D3-1360-4A28-9921-A05A303E6A96} = {F47AD180-9541-4EB1-9563-E6087A553592}
		{E36D0AAB-8408-4BFB-B266-A737DB715A33} = {A4A5603D-BE52-418B-AB98-22E5470269CA}
	EndGlobalSection
	GlobalSection(ExtensibilityGlobals) = postSolution
		SolutionGuid = {D3E7081E-08B1-4F13-8C68-E19431C879C1}
	EndGlobalSection
EndGlobal
